
Microsoft Visual Studio Solution File, Format Version 12.00
# Visual Studio Version 17
VisualStudioVersion = 17.3.32901.215
MinimumVisualStudioVersion = 10.0.40219.1
Project("{9A19103F-16F7-4668-BE54-9A1E7A4F7556}") = "MyList", "Laboratory6OOP\MyList.csproj", "{DB0A2D98-742C-4880-99CE-BE7C22872D6E}"
EndProject
Project("{FAE04EC0-301F-11D3-BF4B-00C04F79EFBC}") = "MyDictionary", "MyDictionary\MyDictionary.csproj", "{58529BC9-5CDF-401F-9E37-183A44C03160}"
EndProject
Project("{FAE04EC0-301F-11D3-BF4B-00C04F79EFBC}") = "MyClass", "MyClass\MyClass.csproj", "{683F3616-C0B1-4DE1-B010-27726164F9D4}"
EndProject
Global
	GlobalSection(SolutionConfigurationPlatforms) = preSolution
		Debug|Any CPU = Debug|Any CPU
		Release|Any CPU = Release|Any CPU
	EndGlobalSection
	GlobalSection(ProjectConfigurationPlatforms) = postSolution
		{DB0A2D98-742C-4880-99CE-BE7C22872D6E}.Debug|Any CPU.ActiveCfg = Debug|Any CPU
		{DB0A2D98-742C-4880-99CE-BE7C22872D6E}.Debug|Any CPU.Build.0 = Debug|Any CPU
		{DB0A2D98-742C-4880-99CE-BE7C22872D6E}.Release|Any CPU.ActiveCfg = Release|Any CPU
		{DB0A2D98-742C-4880-99CE-BE7C22872D6E}.Release|Any CPU.Build.0 = Release|Any CPU
		{58529BC9-5CDF-401F-9E37-183A44C03160}.Debug|Any CPU.ActiveCfg = Debug|Any CPU
		{58529BC9-5CDF-401F-9E37-183A44C03160}.Debug|Any CPU.Build.0 = Debug|Any CPU
		{58529BC9-5CDF-401F-9E37-183A44C03160}.Release|Any CPU.ActiveCfg = Release|Any CPU
		{58529BC9-5CDF-401F-9E37-183A44C03160}.Release|Any CPU.Build.0 = Release|Any CPU
		{683F3616-C0B1-4DE1-B010-27726164F9D4}.Debug|Any CPU.ActiveCfg = Debug|Any CPU
		{683F3616-C0B1-4DE1-B010-27726164F9D4}.Debug|Any CPU.Build.0 = Debug|Any CPU
		{683F3616-C0B1-4DE1-B010-27726164F9D4}.Release|Any CPU.ActiveCfg = Release|Any CPU
		{683F3616-C0B1-4DE1-B010-27726164F9D4}.Release|Any CPU.Build.0 = Release|Any CPU
	EndGlobalSection
	GlobalSection(SolutionProperties) = preSolution
		HideSolutionNode = FALSE
	EndGlobalSection
	GlobalSection(ExtensibilityGlobals) = postSolution
		SolutionGuid = {8C47F6CB-767F-4B38-981C-C96BFFDFC94F}
	EndGlobalSection
EndGlobal
